// !$*UTF8*$!
{
	archiveVersion = 1;
	classes = {
	};
	objectVersion = 46;
	objects = {

/* Begin PBXBuildFile section */
		2886DE3D1A7CEB90006BF173 /* main.m in Sources */ = {isa = PBXBuildFile; fileRef = 2886DE3C1A7CEB90006BF173 /* main.m */; };
		2886DE401A7CEB90006BF173 /* AppDelegate.m in Sources */ = {isa = PBXBuildFile; fileRef = 2886DE3F1A7CEB90006BF173 /* AppDelegate.m */; };
		2886DE431A7CEB91006BF173 /* ViewController.m in Sources */ = {isa = PBXBuildFile; fileRef = 2886DE421A7CEB91006BF173 /* ViewController.m */; };
		2886DE461A7CEB91006BF173 /* Main.storyboard in Resources */ = {isa = PBXBuildFile; fileRef = 2886DE441A7CEB91006BF173 /* Main.storyboard */; };
		2886DE481A7CEB91006BF173 /* Images.xcassets in Resources */ = {isa = PBXBuildFile; fileRef = 2886DE471A7CEB91006BF173 /* Images.xcassets */; };
		2886DE4B1A7CEB91006BF173 /* LaunchScreen.xib in Resources */ = {isa = PBXBuildFile; fileRef = 2886DE491A7CEB91006BF173 /* LaunchScreen.xib */; };
		2886DE571A7CEB91006BF173 /* iOS8AppTests.m in Sources */ = {isa = PBXBuildFile; fileRef = 2886DE561A7CEB91006BF173 /* iOS8AppTests.m */; };
/* End PBXBuildFile section */

/* Begin PBXContainerItemProxy section */
		2886DE511A7CEB91006BF173 /* PBXContainerItemProxy */ = {
			isa = PBXContainerItemProxy;
			containerPortal = 2886DE2F1A7CEB90006BF173 /* Project object */;
			proxyType = 1;
			remoteGlobalIDString = 2886DE361A7CEB90006BF173;
			remoteInfo = iOS8App;
		};
/* End PBXContainerItemProxy section */

/* Begin PBXFileReference section */
		2886DE371A7CEB90006BF173 /* iOS8App.app */ = {isa = PBXFileReference; explicitFileType = wrapper.application; includeInIndex = 0; path = iOS8App.app; sourceTree = BUILT_PRODUCTS_DIR; };
		2886DE3B1A7CEB90006BF173 /* Info.plist */ = {isa = PBXFileReference; lastKnownFileType = text.plist.xml; path = Info.plist; sourceTree = "<group>"; };
		2886DE3C1A7CEB90006BF173 /* main.m */ = {isa = PBXFileReference; lastKnownFileType = sourcecode.c.objc; path = main.m; sourceTree = "<group>"; };
		2886DE3E1A7CEB90006BF173 /* AppDelegate.h */ = {isa = PBXFileReference; lastKnownFileType = sourcecode.c.h; path = AppDelegate.h; sourceTree = "<group>"; };
		2886DE3F1A7CEB90006BF173 /* AppDelegate.m */ = {isa = PBXFileReference; lastKnownFileType = sourcecode.c.objc; path = AppDelegate.m; sourceTree = "<group>"; };
		2886DE411A7CEB91006BF173 /* ViewController.h */ = {isa = PBXFileReference; lastKnownFileType = sourcecode.c.h; path = ViewController.h; sourceTree = "<group>"; };
		2886DE421A7CEB91006BF173 /* ViewController.m */ = {isa = PBXFileReference; lastKnownFileType = sourcecode.c.objc; path = ViewController.m; sourceTree = "<group>"; };
		2886DE451A7CEB91006BF173 /* Base */ = {isa = PBXFileReference; lastKnownFileType = file.storyboard; name = Base; path = Base.lproj/Main.storyboard; sourceTree = "<group>"; };
		2886DE471A7CEB91006BF173 /* Images.xcassets */ = {isa = PBXFileReference; lastKnownFileType = folder.assetcatalog; path = Images.xcassets; sourceTree = "<group>"; };
		2886DE4A1A7CEB91006BF173 /* Base */ = {isa = PBXFileReference; lastKnownFileType = file.xib; name = Base; path = Base.lproj/LaunchScreen.xib; sourceTree = "<group>"; };
		2886DE501A7CEB91006BF173 /* iOS8AppTests.xctest */ = {isa = PBXFileReference; explicitFileType = wrapper.cfbundle; includeInIndex = 0; path = iOS8AppTests.xctest; sourceTree = BUILT_PRODUCTS_DIR; };
		2886DE551A7CEB91006BF173 /* Info.plist */ = {isa = PBXFileReference; lastKnownFileType = text.plist.xml; path = Info.plist; sourceTree = "<group>"; };
		2886DE561A7CEB91006BF173 /* iOS8AppTests.m */ = {isa = PBXFileReference; lastKnownFileType = sourcecode.c.objc; path = iOS8AppTests.m; sourceTree = "<group>"; };
/* End PBXFileReference section */

/* Begin PBXFrameworksBuildPhase section */
		2886DE341A7CEB90006BF173 /* Frameworks */ = {
			isa = PBXFrameworksBuildPhase;
			buildActionMask = 2147483647;
			files = (
			);
			runOnlyForDeploymentPostprocessing = 0;
		};
		2886DE4D1A7CEB91006BF173 /* Frameworks */ = {
			isa = PBXFrameworksBuildPhase;
			buildActionMask = 2147483647;
			files = (
			);
			runOnlyForDeploymentPostprocessing = 0;
		};
/* End PBXFrameworksBuildPhase section */

/* Begin PBXGroup section */
		2886DE2E1A7CEB90006BF173 = {
			isa = PBXGroup;
			children = (
				2886DE391A7CEB90006BF173 /* iOS8App */,
				2886DE531A7CEB91006BF173 /* iOS8AppTests */,
				2886DE381A7CEB90006BF173 /* Products */,
			);
			sourceTree = "<group>";
		};
		2886DE381A7CEB90006BF173 /* Products */ = {
			isa = PBXGroup;
			children = (
				2886DE371A7CEB90006BF173 /* iOS8App.app */,
				2886DE501A7CEB91006BF173 /* iOS8AppTests.xctest */,
			);
			name = Products;
			sourceTree = "<group>";
		};
		2886DE391A7CEB90006BF173 /* iOS8App */ = {
			isa = PBXGroup;
			children = (
				2886DE3E1A7CEB90006BF173 /* AppDelegate.h */,
				2886DE3F1A7CEB90006BF173 /* AppDelegate.m */,
				2886DE411A7CEB91006BF173 /* ViewController.h */,
				2886DE421A7CEB91006BF173 /* ViewController.m */,
				2886DE441A7CEB91006BF173 /* Main.storyboard */,
				2886DE471A7CEB91006BF173 /* Images.xcassets */,
				2886DE491A7CEB91006BF173 /* LaunchScreen.xib */,
				2886DE3A1A7CEB90006BF173 /* Supporting Files */,
			);
			path = iOS8App;
			sourceTree = "<group>";
		};
		2886DE3A1A7CEB90006BF173 /* Supporting Files */ = {
			isa = PBXGroup;
			children = (
				2886DE3B1A7CEB90006BF173 /* Info.plist */,
				2886DE3C1A7CEB90006BF173 /* main.m */,
			);
			name = "Supporting Files";
			sourceTree = "<group>";
		};
		2886DE531A7CEB91006BF173 /* iOS8AppTests */ = {
			isa = PBXGroup;
			children = (
				2886DE561A7CEB91006BF173 /* iOS8AppTests.m */,
				2886DE541A7CEB91006BF173 /* Supporting Files */,
			);
			path = iOS8AppTests;
			sourceTree = "<group>";
		};
		2886DE541A7CEB91006BF173 /* Supporting Files */ = {
			isa = PBXGroup;
			children = (
				2886DE551A7CEB91006BF173 /* Info.plist */,
			);
			name = "Supporting Files";
			sourceTree = "<group>";
		};
/* End PBXGroup section */

/* Begin PBXNativeTarget section */
		2886DE361A7CEB90006BF173 /* iOS8App */ = {
			isa = PBXNativeTarget;
			buildConfigurationList = 2886DE5A1A7CEB91006BF173 /* Build configuration list for PBXNativeTarget "iOS8App" */;
			buildPhases = (
				2886DE331A7CEB90006BF173 /* Sources */,
				2886DE341A7CEB90006BF173 /* Frameworks */,
				2886DE351A7CEB90006BF173 /* Resources */,
			);
			buildRules = (
			);
			dependencies = (
			);
			name = iOS8App;
			productName = iOS8App;
			productReference = 2886DE371A7CEB90006BF173 /* iOS8App.app */;
			productType = "com.apple.product-type.application";
		};
		2886DE4F1A7CEB91006BF173 /* iOS8AppTests */ = {
			isa = PBXNativeTarget;
			buildConfigurationList = 2886DE5D1A7CEB91006BF173 /* Build configuration list for PBXNativeTarget "iOS8AppTests" */;
			buildPhases = (
				2886DE4C1A7CEB91006BF173 /* Sources */,
				2886DE4D1A7CEB91006BF173 /* Frameworks */,
				2886DE4E1A7CEB91006BF173 /* Resources */,
			);
			buildRules = (
			);
			dependencies = (
				2886DE521A7CEB91006BF173 /* PBXTargetDependency */,
			);
			name = iOS8AppTests;
			productName = iOS8AppTests;
			productReference = 2886DE501A7CEB91006BF173 /* iOS8AppTests.xctest */;
			productType = "com.apple.product-type.bundle.unit-test";
		};
/* End PBXNativeTarget section */

/* Begin PBXProject section */
		2886DE2F1A7CEB90006BF173 /* Project object */ = {
			isa = PBXProject;
			attributes = {
				LastUpgradeCheck = 0610;
				ORGANIZATIONNAME = "Markus Schmid";
				TargetAttributes = {
					2886DE361A7CEB90006BF173 = {
						CreatedOnToolsVersion = 6.1.1;
					};
					2886DE4F1A7CEB91006BF173 = {
						CreatedOnToolsVersion = 6.1.1;
						TestTargetID = 2886DE361A7CEB90006BF173;
					};
				};
			};
			buildConfigurationList = 2886DE321A7CEB90006BF173 /* Build configuration list for PBXProject "iOS8App" */;
			compatibilityVersion = "Xcode 3.2";
			developmentRegion = English;
			hasScannedForEncodings = 0;
			knownRegions = (
				en,
				Base,
			);
			mainGroup = 2886DE2E1A7CEB90006BF173;
			productRefGroup = 2886DE381A7CEB90006BF173 /* Products */;
			projectDirPath = "";
			projectRoot = "";
			targets = (
				2886DE361A7CEB90006BF173 /* iOS8App */,
				2886DE4F1A7CEB91006BF173 /* iOS8AppTests */,
			);
		};
/* End PBXProject section */

/* Begin PBXResourcesBuildPhase section */
		2886DE351A7CEB90006BF173 /* Resources */ = {
			isa = PBXResourcesBuildPhase;
			buildActionMask = 2147483647;
			files = (
				2886DE461A7CEB91006BF173 /* Main.storyboard in Resources */,
				2886DE4B1A7CEB91006BF173 /* LaunchScreen.xib in Resources */,
				2886DE481A7CEB91006BF173 /* Images.xcassets in Resources */,
			);
			runOnlyForDeploymentPostprocessing = 0;
		};
		2886DE4E1A7CEB91006BF173 /* Resources */ = {
			isa = PBXResourcesBuildPhase;
			buildActionMask = 2147483647;
			files = (
			);
			runOnlyForDeploymentPostprocessing = 0;
		};
/* End PBXResourcesBuildPhase section */

/* Begin PBXSourcesBuildPhase section */
		2886DE331A7CEB90006BF173 /* Sources */ = {
			isa = PBXSourcesBuildPhase;
			buildActionMask = 2147483647;
			files = (
				2886DE431A7CEB91006BF173 /* ViewController.m in Sources */,
				2886DE401A7CEB90006BF173 /* AppDelegate.m in Sources */,
				2886DE3D1A7CEB90006BF173 /* main.m in Sources */,
			);
			runOnlyForDeploymentPostprocessing = 0;
		};
		2886DE4C1A7CEB91006BF173 /* Sources */ = {
			isa = PBXSourcesBuildPhase;
			buildActionMask = 2147483647;
			files = (
				2886DE571A7CEB91006BF173 /* iOS8AppTests.m in Sources */,
			);
			runOnlyForDeploymentPostprocessing = 0;
		};
/* End PBXSourcesBuildPhase section */

/* Begin PBXTargetDependency section */
		2886DE521A7CEB91006BF173 /* PBXTargetDependency */ = {
			isa = PBXTargetDependency;
			target = 2886DE361A7CEB90006BF173 /* iOS8App */;
			targetProxy = 2886DE511A7CEB91006BF173 /* PBXContainerItemProxy */;
		};
/* End PBXTargetDependency section */

/* Begin PBXVariantGroup section */
		2886DE441A7CEB91006BF173 /* Main.storyboard */ = {
			isa = PBXVariantGroup;
			children = (
				2886DE451A7CEB91006BF173 /* Base */,
			);
			name = Main.storyboard;
			sourceTree = "<group>";
		};
		2886DE491A7CEB91006BF173 /* LaunchScreen.xib */ = {
			isa = PBXVariantGroup;
			children = (
				2886DE4A1A7CEB91006BF173 /* Base */,
			);
			name = LaunchScreen.xib;
			sourceTree = "<group>";
		};
/* End PBXVariantGroup section */

/* Begin XCBuildConfiguration section */
		2886DE581A7CEB91006BF173 /* Debug */ = {
			isa = XCBuildConfiguration;
			buildSettings = {
				ALWAYS_SEARCH_USER_PATHS = NO;
				CLANG_CXX_LANGUAGE_STANDARD = "gnu++0x";
				CLANG_CXX_LIBRARY = "libc++";
				CLANG_ENABLE_MODULES = YES;
				CLANG_ENABLE_OBJC_ARC = YES;
				CLANG_WARN_BOOL_CONVERSION = YES;
				CLANG_WARN_CONSTANT_CONVERSION = YES;
				CLANG_WARN_DIRECT_OBJC_ISA_USAGE = YES_ERROR;
				CLANG_WARN_EMPTY_BODY = YES;
				CLANG_WARN_ENUM_CONVERSION = YES;
				CLANG_WARN_INT_CONVERSION = YES;
				CLANG_WARN_OBJC_ROOT_CLASS = YES_ERROR;
				CLANG_WARN_UNREACHABLE_CODE = YES;
				CLANG_WARN__DUPLICATE_METHOD_MATCH = YES;
				"CODE_SIGN_IDENTITY[sdk=iphoneos*]" = "iPhone Developer";
				COPY_PHASE_STRIP = NO;
				ENABLE_STRICT_OBJC_MSGSEND = YES;
				GCC_C_LANGUAGE_STANDARD = gnu99;
				GCC_DYNAMIC_NO_PIC = NO;
				GCC_OPTIMIZATION_LEVEL = 0;
				GCC_PREPROCESSOR_DEFINITIONS = (
					"DEBUG=1",
					"$(inherited)",
				);
				GCC_SYMBOLS_PRIVATE_EXTERN = NO;
				GCC_WARN_64_TO_32_BIT_CONVERSION = YES;
				GCC_WARN_ABOUT_RETURN_TYPE = YES_ERROR;
				GCC_WARN_UNDECLARED_SELECTOR = YES;
				GCC_WARN_UNINITIALIZED_AUTOS = YES_AGGRESSIVE;
				GCC_WARN_UNUSED_FUNCTION = YES;
				GCC_WARN_UNUSED_VARIABLE = YES;
				IPHONEOS_DEPLOYMENT_TARGET = 8.1;
				MTL_ENABLE_DEBUG_INFO = YES;
				ONLY_ACTIVE_ARCH = YES;
				SDKROOT = iphoneos;
			};
			name = Debug;
		};
		2886DE591A7CEB91006BF173 /* Release */ = {
			isa = XCBuildConfiguration;
			buildSettings = {
				ALWAYS_SEARCH_USER_PATHS = NO;
				CLANG_CXX_LANGUAGE_STANDARD = "gnu++0x";
				CLANG_CXX_LIBRARY = "libc++";
				CLANG_ENABLE_MODULES = YES;
				CLANG_ENABLE_OBJC_ARC = YES;
				CLANG_WARN_BOOL_CONVERSION = YES;
				CLANG_WARN_CONSTANT_CONVERSION = YES;
				CLANG_WARN_DIRECT_OBJC_ISA_USAGE = YES_ERROR;
				CLANG_WARN_EMPTY_BODY = YES;
				CLANG_WARN_ENUM_CONVERSION = YES;
				CLANG_WARN_INT_CONVERSION = YES;
				CLANG_WARN_OBJC_ROOT_CLASS = YES_ERROR;
				CLANG_WARN_UNREACHABLE_CODE = YES;
				CLANG_WARN__DUPLICATE_METHOD_MATCH = YES;
				"CODE_SIGN_IDENTITY[sdk=iphoneos*]" = "iPhone Developer";
				COPY_PHASE_STRIP = YES;
				ENABLE_NS_ASSERTIONS = NO;
				ENABLE_STRICT_OBJC_MSGSEND = YES;
				GCC_C_LANGUAGE_STANDARD = gnu99;
				GCC_WARN_64_TO_32_BIT_CONVERSION = YES;
				GCC_WARN_ABOUT_RETURN_TYPE = YES_ERROR;
				GCC_WARN_UNDECLARED_SELECTOR = YES;
				GCC_WARN_UNINITIALIZED_AUTOS = YES_AGGRESSIVE;
				GCC_WARN_UNUSED_FUNCTION = YES;
				GCC_WARN_UNUSED_VARIABLE = YES;
				IPHONEOS_DEPLOYMENT_TARGET = 8.1;
				MTL_ENABLE_DEBUG_INFO = NO;
				SDKROOT = iphoneos;
				VALIDATE_PRODUCT = YES;
			};
			name = Release;
		};
		2886DE5B1A7CEB91006BF173 /* Debug */ = {
			isa = XCBuildConfiguration;
			buildSettings = {
				ASSETCATALOG_COMPILER_APPICON_NAME = AppIcon;
				INFOPLIST_FILE = iOS8App/Info.plist;
				IPHONEOS_DEPLOYMENT_TARGET = 8.1;
				LD_RUNPATH_SEARCH_PATHS = "$(inherited) @executable_path/Frameworks";
				PRODUCT_NAME = "$(TARGET_NAME)";
			};
			name = Debug;
		};
		2886DE5C1A7CEB91006BF173 /* Release */ = {
			isa = XCBuildConfiguration;
			buildSettings = {
				ASSETCATALOG_COMPILER_APPICON_NAME = AppIcon;
				INFOPLIST_FILE = iOS8App/Info.plist;
				IPHONEOS_DEPLOYMENT_TARGET = 8.1;
				LD_RUNPATH_SEARCH_PATHS = "$(inherited) @executable_path/Frameworks";
				PRODUCT_NAME = "$(TARGET_NAME)";
			};
			name = Release;
		};
		2886DE5E1A7CEB91006BF173 /* Debug */ = {
			isa = XCBuildConfiguration;
			buildSettings = {
				BUNDLE_LOADER = "$(TEST_HOST)";
				FRAMEWORK_SEARCH_PATHS = (
					"$(SDKROOT)/Developer/Library/Frameworks",
					"$(inherited)",
				);
				GCC_PREPROCESSOR_DEFINITIONS = (
					"DEBUG=1",
					"$(inherited)",
				);
				INFOPLIST_FILE = iOS8AppTests/Info.plist;
				LD_RUNPATH_SEARCH_PATHS = "$(inherited) @executable_path/Frameworks @loader_path/Frameworks";
				PRODUCT_NAME = "$(TARGET_NAME)";
				TEST_HOST = "$(BUILT_PRODUCTS_DIR)/iOS8App.app/iOS8App";
			};
			name = Debug;
		};
		2886DE5F1A7CEB91006BF173 /* Release */ = {
			isa = XCBuildConfiguration;
			buildSettings = {
				BUNDLE_LOADER = "$(TEST_HOST)";
				FRAMEWORK_SEARCH_PATHS = (
					"$(SDKROOT)/Developer/Library/Frameworks",
					"$(inherited)",
				);
				INFOPLIST_FILE = iOS8AppTests/Info.plist;
				LD_RUNPATH_SEARCH_PATHS = "$(inherited) @executable_path/Frameworks @loader_path/Frameworks";
				PRODUCT_NAME = "$(TARGET_NAME)";
				TEST_HOST = "$(BUILT_PRODUCTS_DIR)/iOS8App.app/iOS8App";
			};
			name = Release;
		};
/* End XCBuildConfiguration section */

/* Begin XCConfigurationList section */
		2886DE321A7CEB90006BF173 /* Build configuration list for PBXProject "iOS8App" */ = {
			isa = XCConfigurationList;
			buildConfigurations = (
				2886DE581A7CEB91006BF173 /* Debug */,
				2886DE591A7CEB91006BF173 /* Release */,
			);
			defaultConfigurationIsVisible = 0;
			defaultConfigurationName = Release;
		};
		2886DE5A1A7CEB91006BF173 /* Build configuration list for PBXNativeTarget "iOS8App" */ = {
			isa = XCConfigurationList;
			buildConfigurations = (
				2886DE5B1A7CEB91006BF173 /* Debug */,
				2886DE5C1A7CEB91006BF173 /* Release */,
			);
			defaultConfigurationIsVisible = 0;
		};
		2886DE5D1A7CEB91006BF173 /* Build configuration list for PBXNativeTarget "iOS8AppTests" */ = {
			isa = XCConfigurationList;
			buildConfigurations = (
				2886DE5E1A7CEB91006BF173 /* Debug */,
				2886DE5F1A7CEB91006BF173 /* Release */,
			);
			defaultConfigurationIsVisible = 0;
		};
/* End XCConfigurationList section */
	};
	rootObject = 2886DE2F1A7CEB90006BF173 /* Project object */;
}
